
Microsoft Visual Studio Solution File, Format Version 12.00
# Visual Studio Version 17
VisualStudioVersion = 17.14.36414.22 d17.14
MinimumVisualStudioVersion = 10.0.40219.1
Project("{FAE04EC0-301F-11D3-BF4B-00C04F79EFBC}") = "MordorFormats", "MordorFormats\MordorFormats.csproj", "{F83D706B-135A-4C6F-8538-6FE1D9D251D0}"
EndProject
Project("{FAE04EC0-301F-11D3-BF4B-00C04F79EFBC}") = "OodleCoreSharp", "..\OodleCoreSharp\OodleCoreSharp\OodleCoreSharp.csproj", "{DD7A03EA-2F47-BB6B-D013-F87A12BD7FA2}"
EndProject
Project("{FAE04EC0-301F-11D3-BF4B-00C04F79EFBC}") = "Edoke", "..\Edoke\Edoke\Edoke.csproj", "{CC121821-EAAD-A644-3F31-00EF605F8BB4}"
EndProject
Global
	GlobalSection(SolutionConfigurationPlatforms) = preSolution
		Debug|Any CPU = Debug|Any CPU
		Release|Any CPU = Release|Any CPU
	EndGlobalSection
	GlobalSection(ProjectConfigurationPlatforms) = postSolution
		{F83D706B-135A-4C6F-8538-6FE1D9D251D0}.Debug|Any CPU.ActiveCfg = Debug|Any CPU
		{F83D706B-135A-4C6F-8538-6FE1D9D251D0}.Debug|Any CPU.Build.0 = Debug|Any CPU
		{F83D706B-135A-4C6F-8538-6FE1D9D251D0}.Release|Any CPU.ActiveCfg = Release|Any CPU
		{F83D706B-135A-4C6F-8538-6FE1D9D251D0}.Release|Any CPU.Build.0 = Release|Any CPU
		{DD7A03EA-2F47-BB6B-D013-F87A12BD7FA2}.Debug|Any CPU.ActiveCfg = Debug|Any CPU
		{DD7A03EA-2F47-BB6B-D013-F87A12BD7FA2}.Debug|Any CPU.Build.0 = Debug|Any CPU
		{DD7A03EA-2F47-BB6B-D013-F87A12BD7FA2}.Release|Any CPU.ActiveCfg = Release|Any CPU
		{DD7A03EA-2F47-BB6B-D013-F87A12BD7FA2}.Release|Any CPU.Build.0 = Release|Any CPU
		{CC121821-EAAD-A644-3F31-00EF605F8BB4}.Debug|Any CPU.ActiveCfg = Debug|Any CPU
		{CC121821-EAAD-A644-3F31-00EF605F8BB4}.Debug|Any CPU.Build.0 = Debug|Any CPU
		{CC121821-EAAD-A644-3F31-00EF605F8BB4}.Release|Any CPU.ActiveCfg = Release|Any CPU
		{CC121821-EAAD-A644-3F31-00EF605F8BB4}.Release|Any CPU.Build.0 = Release|Any CPU
	EndGlobalSection
	GlobalSection(SolutionProperties) = preSolution
		HideSolutionNode = FALSE
	EndGlobalSection
	GlobalSection(ExtensibilityGlobals) = postSolution
		SolutionGuid = {54DA3346-7A31-4E84-8AB0-66BE7DFCA08D}
	EndGlobalSection
EndGlobal
